github.com/tabnas/abnf/go v0.4.14 h1:WWkj47J2qyJ3E6awOfCNc0AUYmG7WsvCAltgaox8JXk=
github.com/tabnas/abnf/go v0.4.14/go.mod h1:ihcATfXH6dzqiWzdeVIjRAhKDmtQDC2nm+sFtGfFDd0=
github.com/tabnas/bnf/go v0.1.17 h1:s8Pn1EwGLILQckC3j16ZHXa8Av7vMuaFrhJe3O6/tRo=
github.com/tabnas/bnf/go v0.1.17/go.mod h1:bhx9Gp5nl4SKGqHf2THagkj1Zs0aTrWc2YlHo+iWl2w=
github.com/tabnas/debug/go v0.3.6 h1:WhVagcUtyk7lF4B30ZS9RhmRyHVupuCrJQEg7qOZCPI=
github.com/tabnas/debug/go v0.3.6/go.mod h1:taF7ArNW4PNRp/BTNBXvKUoEckXLW6KUHNCZ6i9nV7o=
github.com/tabnas/expr/go v0.5.9 h1:wSEEHjXgpuHqY5FiyQ0jssUbxXC4rlwKV7KKSl4NO0I=
github.com/tabnas/expr/go v0.5.9/go.mod h1:uKkDILBrpjiVz1oRK3+MINNCLxOoBPoCho4CZWs8vbo=
github.com/tabnas/json/go v0.5.9 h1:lx1bntwlHYEdfpeqaHILPHmgnGGPfcBnubnX7vSJ6Fg=
github.com/tabnas/json/go v0.5.9/go.mod h1:tvR8cvbQYsRS/b5GXD3kK4UsPATDaaXB517VIVh/LyU=
github.com/tabnas/jsonic/go v0.7.0 h1:CZYLbZ4PqKqDVr2TOuEo8v/uFiMm/Rz/mYmQXW4ecgs=
github.com/tabnas/jsonic/go v0.7.0/go.mod h1:9wOW3KkdKFNWrgYqR+J7v0fKNJY7hGs5uhWiyXDu8dI=
github.com/tabnas/parser/go v0.12.1 h1:q+fNAzSVsumNVOqGgiXHTuN26AxsIQlXytLu0I11mFU=
github.com/tabnas/parser/go v0.12.1/go.mod h1:WrlfEVyZ1QjEIowWiyEu3K1iHj7wxuPut5zoH9Trehk=
github.com/tabnas/support/go v0.3.4 h1:c4+byVeX5sRXJN/KBEOSfpCu5i59o6MWetVHM5MtqOA=
github.com/tabnas/support/go v0.3.4/go.mod h1:q+EGPO8fRFQAYDwRHFH4lafD5l5W/NCdY8vhN9IJOkY=
